
Microsoft Visual Studio Solution File, Format Version 12.00
# Visual Studio 2012
# SharpDevelop 5.1
VisualStudioVersion = 12.0.21005.1
MinimumVisualStudioVersion = 10.0.40219.1
Project("{FAE04EC0-301F-11D3-BF4B-00C04F79EFBC}") = "ComponentLib", "ComponentLib\ComponentLib.csproj", "{31CB4175-F594-48AF-89A8-CFCA2EA3EE9F}"
EndProject
Project("{FAE04EC0-301F-11D3-BF4B-00C04F79EFBC}") = "ComponentLib.Core", "ComponentLib.Core\ComponentLib.Core.csproj", "{23E004DD-EEF4-4759-BF89-3AE0EC1DB6D8}"
EndProject
Project("{FAE04EC0-301F-11D3-BF4B-00C04F79EFBC}") = "ComponentLib.Controls", "ComponentLib.Controls\ComponentLib.Controls.csproj", "{B45ADB28-2EB3-4CFA-B240-82D8F58BEB22}"
EndProject
Project("{FAE04EC0-301F-11D3-BF4B-00C04F79EFBC}") = "ComponentLib.Data", "ComponentLib.Data\ComponentLib.Data.csproj", "{36EDCD41-1A04-4EEF-A424-4F53D9DCF7C2}"
EndProject
Project("{FAE04EC0-301F-11D3-BF4B-00C04F79EFBC}") = "ComponentLib.Forms", "ComponentLib.Forms\ComponentLib.Forms.csproj", "{6FA9C69F-C88A-4677-A924-702BE2DB2501}"
EndProject
Project("{FAE04EC0-301F-11D3-BF4B-00C04F79EFBC}") = "ComponentLib.Db", "ComponentLib.Db\ComponentLib.Db.csproj", "{E6CB1770-1C2A-471D-B0A3-CF41788D3772}"
EndProject
Project("{FAE04EC0-301F-11D3-BF4B-00C04F79EFBC}") = "ComponentLib.Db.Db4o", "ComponentLib.Db.Db4o\ComponentLib.Db.Db4o.csproj", "{8646B6DE-5496-4E05-AB20-89D6BE76A547}"
EndProject
Project("{FAE04EC0-301F-11D3-BF4B-00C04F79EFBC}") = "ComponentLib.Reports", "ComponentLib.Reports\ComponentLib.Reports.csproj", "{8E8656EC-6CC1-4D6B-BB03-EB2C5AED504F}"
EndProject
Global
	GlobalSection(SolutionConfigurationPlatforms) = preSolution
		Debug|Any CPU = Debug|Any CPU
		Debug|x64 = Debug|x64
		Debug|x86 = Debug|x86
		Release|Any CPU = Release|Any CPU
		Release|x64 = Release|x64
		Release|x86 = Release|x86
	EndGlobalSection
	GlobalSection(ProjectConfigurationPlatforms) = postSolution
		{31CB4175-F594-48AF-89A8-CFCA2EA3EE9F}.Debug|Any CPU.ActiveCfg = Debug|Any CPU
		{31CB4175-F594-48AF-89A8-CFCA2EA3EE9F}.Debug|x64.ActiveCfg = Debug|x64
		{31CB4175-F594-48AF-89A8-CFCA2EA3EE9F}.Debug|x86.ActiveCfg = Debug|x86
		{31CB4175-F594-48AF-89A8-CFCA2EA3EE9F}.Debug|x86.Build.0 = Debug|x86
		{31CB4175-F594-48AF-89A8-CFCA2EA3EE9F}.Release|Any CPU.ActiveCfg = Release|Any CPU
		{31CB4175-F594-48AF-89A8-CFCA2EA3EE9F}.Release|x64.ActiveCfg = Release|x64
		{31CB4175-F594-48AF-89A8-CFCA2EA3EE9F}.Release|x86.ActiveCfg = Release|x86
		{31CB4175-F594-48AF-89A8-CFCA2EA3EE9F}.Release|x86.Build.0 = Release|x86
		{23E004DD-EEF4-4759-BF89-3AE0EC1DB6D8}.Debug|Any CPU.ActiveCfg = Debug|Any CPU
		{23E004DD-EEF4-4759-BF89-3AE0EC1DB6D8}.Debug|Any CPU.Build.0 = Debug|Any CPU
		{23E004DD-EEF4-4759-BF89-3AE0EC1DB6D8}.Debug|x64.ActiveCfg = Debug|x64
		{23E004DD-EEF4-4759-BF89-3AE0EC1DB6D8}.Debug|x64.Build.0 = Debug|x64
		{23E004DD-EEF4-4759-BF89-3AE0EC1DB6D8}.Debug|x86.ActiveCfg = Debug|x86
		{23E004DD-EEF4-4759-BF89-3AE0EC1DB6D8}.Debug|x86.Build.0 = Debug|x86
		{23E004DD-EEF4-4759-BF89-3AE0EC1DB6D8}.Release|Any CPU.ActiveCfg = Release|Any CPU
		{23E004DD-EEF4-4759-BF89-3AE0EC1DB6D8}.Release|Any CPU.Build.0 = Release|Any CPU
		{23E004DD-EEF4-4759-BF89-3AE0EC1DB6D8}.Release|x64.ActiveCfg = Release|x64
		{23E004DD-EEF4-4759-BF89-3AE0EC1DB6D8}.Release|x64.Build.0 = Release|x64
		{23E004DD-EEF4-4759-BF89-3AE0EC1DB6D8}.Release|x86.ActiveCfg = Release|x86
		{23E004DD-EEF4-4759-BF89-3AE0EC1DB6D8}.Release|x86.Build.0 = Release|x86
		{B45ADB28-2EB3-4CFA-B240-82D8F58BEB22}.Debug|Any CPU.ActiveCfg = Debug|Any CPU
		{B45ADB28-2EB3-4CFA-B240-82D8F58BEB22}.Debug|Any CPU.Build.0 = Debug|Any CPU
		{B45ADB28-2EB3-4CFA-B240-82D8F58BEB22}.Debug|x64.ActiveCfg = Debug|x64
		{B45ADB28-2EB3-4CFA-B240-82D8F58BEB22}.Debug|x64.Build.0 = Debug|x64
		{B45ADB28-2EB3-4CFA-B240-82D8F58BEB22}.Debug|x86.ActiveCfg = Debug|x86
		{B45ADB28-2EB3-4CFA-B240-82D8F58BEB22}.Debug|x86.Build.0 = Debug|x86
		{B45ADB28-2EB3-4CFA-B240-82D8F58BEB22}.Release|Any CPU.ActiveCfg = Release|Any CPU
		{B45ADB28-2EB3-4CFA-B240-82D8F58BEB22}.Release|Any CPU.Build.0 = Release|Any CPU
		{B45ADB28-2EB3-4CFA-B240-82D8F58BEB22}.Release|x64.ActiveCfg = Release|x64
		{B45ADB28-2EB3-4CFA-B240-82D8F58BEB22}.Release|x64.Build.0 = Release|x64
		{B45ADB28-2EB3-4CFA-B240-82D8F58BEB22}.Release|x86.ActiveCfg = Release|x86
		{B45ADB28-2EB3-4CFA-B240-82D8F58BEB22}.Release|x86.Build.0 = Release|x86
		{36EDCD41-1A04-4EEF-A424-4F53D9DCF7C2}.Debug|Any CPU.ActiveCfg = Debug|x86
		{36EDCD41-1A04-4EEF-A424-4F53D9DCF7C2}.Debug|Any CPU.Build.0 = Debug|x86
		{36EDCD41-1A04-4EEF-A424-4F53D9DCF7C2}.Debug|x64.ActiveCfg = Debug|x64
		{36EDCD41-1A04-4EEF-A424-4F53D9DCF7C2}.Debug|x64.Build.0 = Debug|x64
		{36EDCD41-1A04-4EEF-A424-4F53D9DCF7C2}.Debug|x86.ActiveCfg = Debug|x86
		{36EDCD41-1A04-4EEF-A424-4F53D9DCF7C2}.Debug|x86.Build.0 = Debug|x86
		{36EDCD41-1A04-4EEF-A424-4F53D9DCF7C2}.Release|Any CPU.ActiveCfg = Release|x86
		{36EDCD41-1A04-4EEF-A424-4F53D9DCF7C2}.Release|Any CPU.Build.0 = Release|x86
		{36EDCD41-1A04-4EEF-A424-4F53D9DCF7C2}.Release|x64.ActiveCfg = Release|x64
		{36EDCD41-1A04-4EEF-A424-4F53D9DCF7C2}.Release|x64.Build.0 = Release|x64
		{36EDCD41-1A04-4EEF-A424-4F53D9DCF7C2}.Release|x86.ActiveCfg = Release|x86
		{36EDCD41-1A04-4EEF-A424-4F53D9DCF7C2}.Release|x86.Build.0 = Release|x86
		{6FA9C69F-C88A-4677-A924-702BE2DB2501}.Debug|Any CPU.ActiveCfg = Debug|x86
		{6FA9C69F-C88A-4677-A924-702BE2DB2501}.Debug|Any CPU.Build.0 = Debug|x86
		{6FA9C69F-C88A-4677-A924-702BE2DB2501}.Debug|x64.ActiveCfg = Debug|x64
		{6FA9C69F-C88A-4677-A924-702BE2DB2501}.Debug|x64.Build.0 = Debug|x64
		{6FA9C69F-C88A-4677-A924-702BE2DB2501}.Debug|x86.ActiveCfg = Debug|x86
		{6FA9C69F-C88A-4677-A924-702BE2DB2501}.Debug|x86.Build.0 = Debug|x86
		{6FA9C69F-C88A-4677-A924-702BE2DB2501}.Release|Any CPU.ActiveCfg = Release|x86
		{6FA9C69F-C88A-4677-A924-702BE2DB2501}.Release|Any CPU.Build.0 = Release|x86
		{6FA9C69F-C88A-4677-A924-702BE2DB2501}.Release|x64.ActiveCfg = Release|x64
		{6FA9C69F-C88A-4677-A924-702BE2DB2501}.Release|x64.Build.0 = Release|x64
		{6FA9C69F-C88A-4677-A924-702BE2DB2501}.Release|x86.ActiveCfg = Release|x86
		{6FA9C69F-C88A-4677-A924-702BE2DB2501}.Release|x86.Build.0 = Release|x86
		{E6CB1770-1C2A-471D-B0A3-CF41788D3772}.Debug|Any CPU.ActiveCfg = Debug|Any CPU
		{E6CB1770-1C2A-471D-B0A3-CF41788D3772}.Debug|Any CPU.Build.0 = Debug|Any CPU
		{E6CB1770-1C2A-471D-B0A3-CF41788D3772}.Debug|x64.ActiveCfg = Debug|x64
		{E6CB1770-1C2A-471D-B0A3-CF41788D3772}.Debug|x64.Build.0 = Debug|x64
		{E6CB1770-1C2A-471D-B0A3-CF41788D3772}.Debug|x86.ActiveCfg = Debug|Any CPU
		{E6CB1770-1C2A-471D-B0A3-CF41788D3772}.Release|Any CPU.ActiveCfg = Release|Any CPU
		{E6CB1770-1C2A-471D-B0A3-CF41788D3772}.Release|Any CPU.Build.0 = Release|Any CPU
		{E6CB1770-1C2A-471D-B0A3-CF41788D3772}.Release|x64.ActiveCfg = Release|x64
		{E6CB1770-1C2A-471D-B0A3-CF41788D3772}.Release|x64.Build.0 = Release|x64
		{E6CB1770-1C2A-471D-B0A3-CF41788D3772}.Release|x86.ActiveCfg = Release|Any CPU
		{8646B6DE-5496-4E05-AB20-89D6BE76A547}.Debug|Any CPU.ActiveCfg = Debug|Any CPU
		{8646B6DE-5496-4E05-AB20-89D6BE76A547}.Debug|Any CPU.Build.0 = Debug|Any CPU
		{8646B6DE-5496-4E05-AB20-89D6BE76A547}.Debug|x64.ActiveCfg = Debug|x64
		{8646B6DE-5496-4E05-AB20-89D6BE76A547}.Debug|x64.Build.0 = Debug|x64
		{8646B6DE-5496-4E05-AB20-89D6BE76A547}.Debug|x86.ActiveCfg = Debug|Any CPU
		{8646B6DE-5496-4E05-AB20-89D6BE76A547}.Release|Any CPU.ActiveCfg = Release|Any CPU
		{8646B6DE-5496-4E05-AB20-89D6BE76A547}.Release|Any CPU.Build.0 = Release|Any CPU
		{8646B6DE-5496-4E05-AB20-89D6BE76A547}.Release|x64.ActiveCfg = Release|x64
		{8646B6DE-5496-4E05-AB20-89D6BE76A547}.Release|x64.Build.0 = Release|x64
		{8646B6DE-5496-4E05-AB20-89D6BE76A547}.Release|x86.ActiveCfg = Release|Any CPU
		{8E8656EC-6CC1-4D6B-BB03-EB2C5AED504F}.Debug|Any CPU.ActiveCfg = Debug|Any CPU
		{8E8656EC-6CC1-4D6B-BB03-EB2C5AED504F}.Debug|Any CPU.Build.0 = Debug|Any CPU
		{8E8656EC-6CC1-4D6B-BB03-EB2C5AED504F}.Debug|x64.ActiveCfg = Debug|x64
		{8E8656EC-6CC1-4D6B-BB03-EB2C5AED504F}.Debug|x64.Build.0 = Debug|x64
		{8E8656EC-6CC1-4D6B-BB03-EB2C5AED504F}.Debug|x86.ActiveCfg = Debug|Any CPU
		{8E8656EC-6CC1-4D6B-BB03-EB2C5AED504F}.Release|Any CPU.ActiveCfg = Release|Any CPU
		{8E8656EC-6CC1-4D6B-BB03-EB2C5AED504F}.Release|Any CPU.Build.0 = Release|Any CPU
		{8E8656EC-6CC1-4D6B-BB03-EB2C5AED504F}.Release|x64.ActiveCfg = Release|x64
		{8E8656EC-6CC1-4D6B-BB03-EB2C5AED504F}.Release|x64.Build.0 = Release|x64
		{8E8656EC-6CC1-4D6B-BB03-EB2C5AED504F}.Release|x86.ActiveCfg = Release|Any CPU
	EndGlobalSection
	GlobalSection(SolutionProperties) = preSolution
		HideSolutionNode = FALSE
	EndGlobalSection
EndGlobal
